
Microsoft Visual Studio Solution File, Format Version 12.00
# Visual Studio Version 16
VisualStudioVersion = 16.0.30320.27
MinimumVisualStudioVersion = 10.0.40219.1
Project("{FAE04EC0-301F-11D3-BF4B-00C04F79EFBC}") = "WebAPITest", "WebAPITest.csproj", "{63215899-0BEF-49EF-BD1E-68DD77638F94}"
EndProject
Global
	GlobalSection(SolutionConfigurationPlatforms) = preSolution
		Debug|Any CPU = Debug|Any CPU
		Release|Any CPU = Release|Any CPU
	EndGlobalSection
	GlobalSection(ProjectConfigurationPlatforms) = postSolution
		{63215899-0BEF-49EF-BD1E-68DD77638F94}.Debug|Any CPU.ActiveCfg = Debug|Any CPU
		{63215899-0BEF-49EF-BD1E-68DD77638F94}.Debug|Any CPU.Build.0 = Debug|Any CPU
		{63215899-0BEF-49EF-BD1E-68DD77638F94}.Release|Any CPU.ActiveCfg = Release|Any CPU
		{63215899-0BEF-49EF-BD1E-68DD77638F94}.Release|Any CPU.Build.0 = Release|Any CPU
	EndGlobalSection
	GlobalSection(SolutionProperties) = preSolution
		HideSolutionNode = FALSE
	EndGlobalSection
	GlobalSection(ExtensibilityGlobals) = postSolution
		SolutionGuid = {F8C298A0-3E33-4648-9F23-02E62B74037D}
	EndGlobalSection
EndGlobal
